
Microsoft Visual Studio Solution File, Format Version 12.00
# Visual Studio Version 17
VisualStudioVersion = 17.4.33213.308
MinimumVisualStudioVersion = 10.0.40219.1
Project("{FAE04EC0-301F-11D3-BF4B-00C04F79EFBC}") = "TMDTProject", "TMDTProject\TMDTProject.csproj", "{FD5A3B63-28D3-4DC7-ABFE-4E4F0B83BD99}"
EndProject
Global
	GlobalSection(SolutionConfigurationPlatforms) = preSolution
		Debug|Any CPU = Debug|Any CPU
		Release|Any CPU = Release|Any CPU
	EndGlobalSection
	GlobalSection(ProjectConfigurationPlatforms) = postSolution
		{FD5A3B63-28D3-4DC7-ABFE-4E4F0B83BD99}.Debug|Any CPU.ActiveCfg = Debug|Any CPU
		{FD5A3B63-28D3-4DC7-ABFE-4E4F0B83BD99}.Debug|Any CPU.Build.0 = Debug|Any CPU
		{FD5A3B63-28D3-4DC7-ABFE-4E4F0B83BD99}.Release|Any CPU.ActiveCfg = Release|Any CPU
		{FD5A3B63-28D3-4DC7-ABFE-4E4F0B83BD99}.Release|Any CPU.Build.0 = Release|Any CPU
	EndGlobalSection
	GlobalSection(SolutionProperties) = preSolution
		HideSolutionNode = FALSE
	EndGlobalSection
	GlobalSection(ExtensibilityGlobals) = postSolution
		SolutionGuid = {A6DBE4B5-FB3B-4FAE-B5D9-35D21F1AEF5B}
	EndGlobalSection
EndGlobal
